// !$*UTF8*$!
{
	archiveVersion = 1;
	classes = {
	};
	objectVersion = 45;
	objects = {

/* Begin PBXBuildFile section */
		1516FA000E7203B700769730 /* AudioToolbox.framework in Frameworks */ = {isa = PBXBuildFile; fileRef = 1516F9FF0E7203B700769730 /* AudioToolbox.framework */; };
		1D60589F0D05DD5A006BFB54 /* Foundation.framework in Frameworks */ = {isa = PBXBuildFile; fileRef = 1D30AB110D05D00D00671497 /* Foundation.framework */; };
		1DF5F4E00D08C38300B7A737 /* UIKit.framework in Frameworks */ = {isa = PBXBuildFile; fileRef = 1DF5F4DF0D08C38300B7A737 /* UIKit.framework */; };
		2892E4100DC94CBA00A64D0F /* CoreGraphics.framework in Frameworks */ = {isa = PBXBuildFile; fileRef = 2892E40F0DC94CBA00A64D0F /* CoreGraphics.framework */; };
		2899E5600DE3E45000AC0155 /* RootViewController.xib in Resources */ = {isa = PBXBuildFile; fileRef = 2899E55F0DE3E45000AC0155 /* RootViewController.xib */; };
		28AD73600D9D9599002E5188 /* MainWindow.xib in Resources */ = {isa = PBXBuildFile; fileRef = 28AD735F0D9D9599002E5188 /* MainWindow.xib */; };
		8C25F3C10E764FE1006130E3 /* soent.plist in Resources */ = {isa = PBXBuildFile; fileRef = 8C25F3C00E764FE1006130E3 /* soent.plist */; };
		8C486953102BBECF00624B61 /* build.txt in Resources */ = {isa = PBXBuildFile; fileRef = 8C48690D102BBECF00624B61 /* build.txt */; };
		8C486954102BBECF00624B61 /* cheats.c in Sources */ = {isa = PBXBuildFile; fileRef = 8C48690E102BBECF00624B61 /* cheats.c */; };
		8C486955102BBECF00624B61 /* COPYING.DOC in Resources */ = {isa = PBXBuildFile; fileRef = 8C486911102BBECF00624B61 /* COPYING.DOC */; };
		8C486956102BBECF00624B61 /* cpu.c in Sources */ = {isa = PBXBuildFile; fileRef = 8C486912102BBECF00624B61 /* cpu.c */; };
		8C486957102BBECF00624B61 /* cpu_threaded.c in Sources */ = {isa = PBXBuildFile; fileRef = 8C486914102BBECF00624B61 /* cpu_threaded.c */; };
		8C486958102BBECF00624B61 /* disasm.c in Sources */ = {isa = PBXBuildFile; fileRef = 8C486915102BBECF00624B61 /* disasm.c */; };
		8C486959102BBECF00624B61 /* game_config.txt in Resources */ = {isa = PBXBuildFile; fileRef = 8C486917102BBECF00624B61 /* game_config.txt */; };
		8C48695A102BBECF00624B61 /* arm_stub.S in Sources */ = {isa = PBXBuildFile; fileRef = 8C48691C102BBECF00624B61 /* arm_stub.S */; };
		8C48695B102BBECF00624B61 /* gp2x.c in Sources */ = {isa = PBXBuildFile; fileRef = 8C48691D102BBECF00624B61 /* gp2x.c */; };
		8C48695C102BBECF00624B61 /* Makefile in Sources */ = {isa = PBXBuildFile; fileRef = 8C48691F102BBECF00624B61 /* Makefile */; };
		8C48695D102BBECF00624B61 /* pollux_dpc_set.c in Sources */ = {isa = PBXBuildFile; fileRef = 8C486920102BBECF00624B61 /* pollux_dpc_set.c */; };
		8C48695E102BBECF00624B61 /* readme_gp2x.txt in Resources */ = {isa = PBXBuildFile; fileRef = 8C486922102BBECF00624B61 /* readme_gp2x.txt */; };
		8C48695F102BBECF00624B61 /* align_test.c in Sources */ = {isa = PBXBuildFile; fileRef = 8C486924102BBECF00624B61 /* align_test.c */; };
		8C486960102BBECF00624B61 /* load_imm_test.c in Sources */ = {isa = PBXBuildFile; fileRef = 8C486925102BBECF00624B61 /* load_imm_test.c */; };
		8C486961102BBECF00624B61 /* upscale_aspect.s in Sources */ = {isa = PBXBuildFile; fileRef = 8C486926102BBECF00624B61 /* upscale_aspect.s */; };
		8C486962102BBECF00624B61 /* video_blend.S in Sources */ = {isa = PBXBuildFile; fileRef = 8C486927102BBECF00624B61 /* video_blend.S */; };
		8C486963102BBECF00624B61 /* warm.c in Sources */ = {isa = PBXBuildFile; fileRef = 8C486928102BBECF00624B61 /* warm.c */; };
		8C486964102BBECF00624B61 /* gui.c in Sources */ = {isa = PBXBuildFile; fileRef = 8C48692A102BBECF00624B61 /* gui.c */; };
		8C486965102BBECF00624B61 /* input.c in Sources */ = {isa = PBXBuildFile; fileRef = 8C48692C102BBECF00624B61 /* input.c */; };
		8C486966102BBECF00624B61 /* arm_stub.S in Sources */ = {isa = PBXBuildFile; fileRef = 8C486932102BBECF00624B61 /* arm_stub.S */; };
		8C486967102BBECF00624B61 /* gp2x.c in Sources */ = {isa = PBXBuildFile; fileRef = 8C486933102BBECF00624B61 /* gp2x.c */; };
		8C486968102BBECF00624B61 /* Makefile in Sources */ = {isa = PBXBuildFile; fileRef = 8C486935102BBECF00624B61 /* Makefile */; };
		8C486969102BBECF00624B61 /* pollux_dpc_set.c in Sources */ = {isa = PBXBuildFile; fileRef = 8C486936102BBECF00624B61 /* pollux_dpc_set.c */; };
		8C48696A102BBECF00624B61 /* readme_gp2x.txt in Resources */ = {isa = PBXBuildFile; fileRef = 8C486938102BBECF00624B61 /* readme_gp2x.txt */; };
		8C48696B102BBECF00624B61 /* align_test.c in Sources */ = {isa = PBXBuildFile; fileRef = 8C48693A102BBECF00624B61 /* align_test.c */; };
		8C48696C102BBECF00624B61 /* load_imm_test.c in Sources */ = {isa = PBXBuildFile; fileRef = 8C48693B102BBECF00624B61 /* load_imm_test.c */; };
		8C48696D102BBECF00624B61 /* upscale_aspect.s in Sources */ = {isa = PBXBuildFile; fileRef = 8C48693C102BBECF00624B61 /* upscale_aspect.s */; };
		8C48696E102BBECF00624B61 /* video_blend.S in Sources */ = {isa = PBXBuildFile; fileRef = 8C48693D102BBECF00624B61 /* video_blend.S */; };
		8C48696F102BBECF00624B61 /* warm.c in Sources */ = {isa = PBXBuildFile; fileRef = 8C48693E102BBECF00624B61 /* warm.c */; };
		8C486970102BBECF00624B61 /* main.c in Sources */ = {isa = PBXBuildFile; fileRef = 8C486940102BBECF00624B61 /* main.c */; };
		8C486971102BBECF00624B61 /* memory.c in Sources */ = {isa = PBXBuildFile; fileRef = 8C486942102BBECF00624B61 /* memory.c */; };
		8C486972102BBECF00624B61 /* Makefile in Sources */ = {isa = PBXBuildFile; fileRef = 8C486945102BBECF00624B61 /* Makefile */; };
		8C486973102BBECF00624B61 /* mips_stub.S in Sources */ = {isa = PBXBuildFile; fileRef = 8C486947102BBECF00624B61 /* mips_stub.S */; };
		8C486974102BBECF00624B61 /* readme.txt in Resources */ = {isa = PBXBuildFile; fileRef = 8C486948102BBECF00624B61 /* readme.txt */; };
		8C486975102BBECF00624B61 /* sound.c in Sources */ = {isa = PBXBuildFile; fileRef = 8C486949102BBECF00624B61 /* sound.c */; };
		8C486976102BBECF00624B61 /* video.c in Sources */ = {isa = PBXBuildFile; fileRef = 8C48694B102BBECF00624B61 /* video.c */; };
		8C486977102BBECF00624B61 /* Makefile in Sources */ = {isa = PBXBuildFile; fileRef = 8C48694E102BBECF00624B61 /* Makefile */; };
		8C486978102BBECF00624B61 /* x86_stub.S in Sources */ = {isa = PBXBuildFile; fileRef = 8C486950102BBECF00624B61 /* x86_stub.S */; };
		8C486979102BBECF00624B61 /* zip.c in Sources */ = {isa = PBXBuildFile; fileRef = 8C486951102BBECF00624B61 /* zip.c */; };
		8C89AD2F0E7FE9CD007EB89D /* CoreSurface.framework in Frameworks */ = {isa = PBXBuildFile; fileRef = 8C89AD2E0E7FE9CD007EB89D /* CoreSurface.framework */; };
		8C89B2290E802F12007EB89D /* CoreLocation.framework in Frameworks */ = {isa = PBXBuildFile; fileRef = 8CB560DC0E76E30100BB8CAC /* CoreLocation.framework */; };
		8CB15F5B0FEC25C000961DD8 /* libAdMobSimulator3_0.a in Frameworks */ = {isa = PBXBuildFile; fileRef = 8CB15F590FEC25C000961DD8 /* libAdMobSimulator3_0.a */; };
		8CB15F5C0FEC25C000961DD8 /* libAdMobDeviceNoThumb3_0.a in Frameworks */ = {isa = PBXBuildFile; fileRef = 8CB15F5A0FEC25C000961DD8 /* libAdMobDeviceNoThumb3_0.a */; };
		8CB15F950FEC263D00961DD8 /* AddressBook.framework in Frameworks */ = {isa = PBXBuildFile; fileRef = 8CB15F940FEC263D00961DD8 /* AddressBook.framework */; };
		8CB308650ED2F98D006E30CB /* libz.dylib in Frameworks */ = {isa = PBXBuildFile; fileRef = 8CB308640ED2F98D006E30CB /* libz.dylib */; };
		8CB632A80E857A8C007B8534 /* QuartzCore.framework in Frameworks */ = {isa = PBXBuildFile; fileRef = 8CB632A70E857A8C007B8534 /* QuartzCore.framework */; };
		8CC3FD310FEC18E0003DA54A /* controller_fs0.png in Resources */ = {isa = PBXBuildFile; fileRef = 8CC3FD1D0FEC18E0003DA54A /* controller_fs0.png */; };
		8CC3FD320FEC18E0003DA54A /* controller_fs0.txt in Resources */ = {isa = PBXBuildFile; fileRef = 8CC3FD1E0FEC18E0003DA54A /* controller_fs0.txt */; };
		8CC3FD330FEC18E0003DA54A /* controller_fs1.png in Resources */ = {isa = PBXBuildFile; fileRef = 8CC3FD1F0FEC18E0003DA54A /* controller_fs1.png */; };
		8CC3FD340FEC18E0003DA54A /* controller_fs1.txt in Resources */ = {isa = PBXBuildFile; fileRef = 8CC3FD200FEC18E0003DA54A /* controller_fs1.txt */; };
		8CC3FD350FEC18E0003DA54A /* controller_fs2.png in Resources */ = {isa = PBXBuildFile; fileRef = 8CC3FD210FEC18E0003DA54A /* controller_fs2.png */; };
		8CC3FD360FEC18E0003DA54A /* controller_fs2.txt in Resources */ = {isa = PBXBuildFile; fileRef = 8CC3FD220FEC18E0003DA54A /* controller_fs2.txt */; };
		8CC3FD370FEC18E0003DA54A /* controller_fs3.png in Resources */ = {isa = PBXBuildFile; fileRef = 8CC3FD230FEC18E0003DA54A /* controller_fs3.png */; };
		8CC3FD380FEC18E0003DA54A /* controller_fs3.txt in Resources */ = {isa = PBXBuildFile; fileRef = 8CC3FD240FEC18E0003DA54A /* controller_fs3.txt */; };
		8CC3FD390FEC18E0003DA54A /* controller_fs4.png in Resources */ = {isa = PBXBuildFile; fileRef = 8CC3FD250FEC18E0003DA54A /* controller_fs4.png */; };
		8CC3FD3A0FEC18E0003DA54A /* controller_fs4.txt in Resources */ = {isa = PBXBuildFile; fileRef = 8CC3FD260FEC18E0003DA54A /* controller_fs4.txt */; };
		8CC3FD3B0FEC18E0003DA54A /* controller_hs0.png in Resources */ = {isa = PBXBuildFile; fileRef = 8CC3FD270FEC18E0003DA54A /* controller_hs0.png */; };
		8CC3FD3C0FEC18E0003DA54A /* controller_hs0.txt in Resources */ = {isa = PBXBuildFile; fileRef = 8CC3FD280FEC18E0003DA54A /* controller_hs0.txt */; };
		8CC3FD3D0FEC18E0003DA54A /* controller_hs1.png in Resources */ = {isa = PBXBuildFile; fileRef = 8CC3FD290FEC18E0003DA54A /* controller_hs1.png */; };
		8CC3FD3E0FEC18E0003DA54A /* controller_hs1.txt in Resources */ = {isa = PBXBuildFile; fileRef = 8CC3FD2A0FEC18E0003DA54A /* controller_hs1.txt */; };
		8CC3FD3F0FEC18E0003DA54A /* controller_hs2.png in Resources */ = {isa = PBXBuildFile; fileRef = 8CC3FD2B0FEC18E0003DA54A /* controller_hs2.png */; };
		8CC3FD400FEC18E0003DA54A /* controller_hs2.txt in Resources */ = {isa = PBXBuildFile; fileRef = 8CC3FD2C0FEC18E0003DA54A /* controller_hs2.txt */; };
		8CC3FD410FEC18E0003DA54A /* controller_hs3.png in Resources */ = {isa = PBXBuildFile; fileRef = 8CC3FD2D0FEC18E0003DA54A /* controller_hs3.png */; };
		8CC3FD420FEC18E0003DA54A /* controller_hs3.txt in Resources */ = {isa = PBXBuildFile; fileRef = 8CC3FD2E0FEC18E0003DA54A /* controller_hs3.txt */; };
		8CC3FD430FEC18E0003DA54A /* controller_hs4.png in Resources */ = {isa = PBXBuildFile; fileRef = 8CC3FD2F0FEC18E0003DA54A /* controller_hs4.png */; };
		8CC3FD440FEC18E0003DA54A /* controller_hs4.txt in Resources */ = {isa = PBXBuildFile; fileRef = 8CC3FD300FEC18E0003DA54A /* controller_hs4.txt */; };
		8CC3FD4B0FEC1918003DA54A /* Default.png in Resources */ = {isa = PBXBuildFile; fileRef = 8CC3FD450FEC1918003DA54A /* Default.png */; };
		8CC3FD4C0FEC1918003DA54A /* genres.png in Resources */ = {isa = PBXBuildFile; fileRef = 8CC3FD460FEC1918003DA54A /* genres.png */; };
		8CC3FD4D0FEC1918003DA54A /* icon.png in Resources */ = {isa = PBXBuildFile; fileRef = 8CC3FD470FEC1918003DA54A /* icon.png */; };
		8CC3FD4E0FEC1918003DA54A /* options.bin in Resources */ = {isa = PBXBuildFile; fileRef = 8CC3FD480FEC1918003DA54A /* options.bin */; };
		8CC3FD4F0FEC1918003DA54A /* recent.bin in Resources */ = {isa = PBXBuildFile; fileRef = 8CC3FD490FEC1918003DA54A /* recent.bin */; };
		8CC3FD500FEC1918003DA54A /* game_config.txt in Resources */ = {isa = PBXBuildFile; fileRef = 8CC3FD4A0FEC1918003DA54A /* game_config.txt */; };
/* End PBXBuildFile section */

/* Begin PBXFileReference section */
		1516F9FF0E7203B700769730 /* AudioToolbox.framework */ = {isa = PBXFileReference; lastKnownFileType = wrapper.framework; name = AudioToolbox.framework; path = System/Library/Frameworks/AudioToolbox.framework; sourceTree = SDKROOT; };
		1587BC710E7A7D6D00C437BE /* SOApplication.h */ = {isa = PBXFileReference; fileEncoding = 4; lastKnownFileType = sourcecode.c.h; path = SOApplication.h; sourceTree = "<group>"; };
		1587BC720E7A7D6D00C437BE /* SOApplication.m */ = {isa = PBXFileReference; fileEncoding = 4; lastKnownFileType = sourcecode.c.objc; path = SOApplication.m; sourceTree = "<group>"; };
		1587BD2F0E7A879E00C437BE /* TabBar.m */ = {isa = PBXFileReference; fileEncoding = 4; lastKnownFileType = sourcecode.c.objc; path = TabBar.m; sourceTree = "<group>"; };
		1587BD300E7A879E00C437BE /* TabBar.h */ = {isa = PBXFileReference; fileEncoding = 4; lastKnownFileType = sourcecode.c.h; path = TabBar.h; sourceTree = "<group>"; };
		1D30AB110D05D00D00671497 /* Foundation.framework */ = {isa = PBXFileReference; lastKnownFileType = wrapper.framework; name = Foundation.framework; path = System/Library/Frameworks/Foundation.framework; sourceTree = SDKROOT; };
		1D3623240D0F684500981E51 /* ShoutOutAppDelegate.h */ = {isa = PBXFileReference; fileEncoding = 4; lastKnownFileType = sourcecode.c.h; path = ShoutOutAppDelegate.h; sourceTree = "<group>"; };
		1D3623250D0F684500981E51 /* ShoutOutAppDelegate.m */ = {isa = PBXFileReference; fileEncoding = 4; lastKnownFileType = sourcecode.c.objc; path = ShoutOutAppDelegate.m; sourceTree = "<group>"; };
		1D6058910D05DD3D006BFB54 /* gpSPhone.app */ = {isa = PBXFileReference; explicitFileType = wrapper.application; includeInIndex = 0; path = gpSPhone.app; sourceTree = BUILT_PRODUCTS_DIR; };
		1DF5F4DF0D08C38300B7A737 /* UIKit.framework */ = {isa = PBXFileReference; lastKnownFileType = wrapper.framework; name = UIKit.framework; path = System/Library/Frameworks/UIKit.framework; sourceTree = SDKROOT; };
		2892E40F0DC94CBA00A64D0F /* CoreGraphics.framework */ = {isa = PBXFileReference; lastKnownFileType = wrapper.framework; name = CoreGraphics.framework; path = System/Library/Frameworks/CoreGraphics.framework; sourceTree = SDKROOT; };
		2899E55F0DE3E45000AC0155 /* RootViewController.xib */ = {isa = PBXFileReference; lastKnownFileType = file.xib; path = RootViewController.xib; sourceTree = "<group>"; };
		28AD735F0D9D9599002E5188 /* MainWindow.xib */ = {isa = PBXFileReference; lastKnownFileType = file.xib; path = MainWindow.xib; sourceTree = "<group>"; };
		28C286DF0D94DF7D0034E888 /* RomController.h */ = {isa = PBXFileReference; fileEncoding = 4; lastKnownFileType = sourcecode.c.h; path = RomController.h; sourceTree = "<group>"; };
		28C286E00D94DF7D0034E888 /* RomController.m */ = {isa = PBXFileReference; fileEncoding = 4; lastKnownFileType = sourcecode.c.objc; path = RomController.m; sourceTree = "<group>"; };
		29B97316FDCFA39411CA2CEA /* main.m */ = {isa = PBXFileReference; fileEncoding = 4; lastKnownFileType = sourcecode.c.objc; path = main.m; sourceTree = "<group>"; };
		8C25F3C00E764FE1006130E3 /* soent.plist */ = {isa = PBXFileReference; fileEncoding = 4; lastKnownFileType = text.plist.xml; path = soent.plist; sourceTree = "<group>"; };
		8C48690D102BBECF00624B61 /* build.txt */ = {isa = PBXFileReference; fileEncoding = 4; lastKnownFileType = text; path = build.txt; sourceTree = "<group>"; };
		8C48690E102BBECF00624B61 /* cheats.c */ = {isa = PBXFileReference; fileEncoding = 4; lastKnownFileType = sourcecode.c.c; path = cheats.c; sourceTree = "<group>"; };
		8C48690F102BBECF00624B61 /* cheats.h */ = {isa = PBXFileReference; fileEncoding = 4; lastKnownFileType = sourcecode.c.h; path = cheats.h; sourceTree = "<group>"; };
		8C486910102BBECF00624B61 /* common.h */ = {isa = PBXFileReference; fileEncoding = 4; lastKnownFileType = sourcecode.c.h; path = common.h; sourceTree = "<group>"; };
		8C486911102BBECF00624B61 /* COPYING.DOC */ = {isa = PBXFileReference; fileEncoding = 4; lastKnownFileType = text; path = COPYING.DOC; sourceTree = "<group>"; };
		8C486912102BBECF00624B61 /* cpu.c */ = {isa = PBXFileReference; fileEncoding = 4; lastKnownFileType = sourcecode.c.c; path = cpu.c; sourceTree = "<group>"; };
		8C486913102BBECF00624B61 /* cpu.h */ = {isa = PBXFileReference; fileEncoding = 4; lastKnownFileType = sourcecode.c.h; path = cpu.h; sourceTree = "<group>"; };
		8C486914102BBECF00624B61 /* cpu_threaded.c */ = {isa = PBXFileReference; fileEncoding = 4; lastKnownFileType = sourcecode.c.c; path = cpu_threaded.c; sourceTree = "<group>"; };
		8C486915102BBECF00624B61 /* disasm.c */ = {isa = PBXFileReference; fileEncoding = 4; lastKnownFileType = sourcecode.c.c; path = disasm.c; sourceTree = "<group>"; };
		8C486916102BBECF00624B61 /* font.h */ = {isa = PBXFileReference; fileEncoding = 4; lastKnownFileType = sourcecode.c.h; path = font.h; sourceTree = "<group>"; };
		8C486917102BBECF00624B61 /* game_config.txt */ = {isa = PBXFileReference; fileEncoding = 4; lastKnownFileType = text; path = game_config.txt; sourceTree = "<group>"; };
		8C486919102BBECF00624B61 /* arm_codegen.h */ = {isa = PBXFileReference; fileEncoding = 4; lastKnownFileType = sourcecode.c.h; path = arm_codegen.h; sourceTree = "<group>"; };
		8C48691A102BBECF00624B61 /* arm_dpimacros.h */ = {isa = PBXFileReference; fileEncoding = 4; lastKnownFileType = sourcecode.c.h; path = arm_dpimacros.h; sourceTree = "<group>"; };
		8C48691B102BBECF00624B61 /* arm_emit.h */ = {isa = PBXFileReference; fileEncoding = 4; lastKnownFileType = sourcecode.c.h; path = arm_emit.h; sourceTree = "<group>"; };
		8C48691C102BBECF00624B61 /* arm_stub.S */ = {isa = PBXFileReference; fileEncoding = 4; lastKnownFileType = sourcecode.asm; path = arm_stub.S; sourceTree = "<group>"; };
		8C48691D102BBECF00624B61 /* gp2x.c */ = {isa = PBXFileReference; fileEncoding = 4; lastKnownFileType = sourcecode.c.c; path = gp2x.c; sourceTree = "<group>"; };
		8C48691E102BBECF00624B61 /* gp2x.h */ = {isa = PBXFileReference; fileEncoding = 4; lastKnownFileType = sourcecode.c.h; path = gp2x.h; sourceTree = "<group>"; };
		8C48691F102BBECF00624B61 /* Makefile */ = {isa = PBXFileReference; fileEncoding = 4; lastKnownFileType = sourcecode.make; path = Makefile; sourceTree = "<group>"; };
		8C486920102BBECF00624B61 /* pollux_dpc_set.c */ = {isa = PBXFileReference; fileEncoding = 4; lastKnownFileType = sourcecode.c.c; path = pollux_dpc_set.c; sourceTree = "<group>"; };
		8C486921102BBECF00624B61 /* pollux_dpc_set.h */ = {isa = PBXFileReference; fileEncoding = 4; lastKnownFileType = sourcecode.c.h; path = pollux_dpc_set.h; sourceTree = "<group>"; };
		8C486922102BBECF00624B61 /* readme_gp2x.txt */ = {isa = PBXFileReference; fileEncoding = 4; lastKnownFileType = text; path = readme_gp2x.txt; sourceTree = "<group>"; };
		8C486924102BBECF00624B61 /* align_test.c */ = {isa = PBXFileReference; fileEncoding = 4; lastKnownFileType = sourcecode.c.c; path = align_test.c; sourceTree = "<group>"; };
		8C486925102BBECF00624B61 /* load_imm_test.c */ = {isa = PBXFileReference; fileEncoding = 4; lastKnownFileType = sourcecode.c.c; path = load_imm_test.c; sourceTree = "<group>"; };
		8C486926102BBECF00624B61 /* upscale_aspect.s */ = {isa = PBXFileReference; fileEncoding = 4; lastKnownFileType = sourcecode.asm; path = upscale_aspect.s; sourceTree = "<group>"; };
		8C486927102BBECF00624B61 /* video_blend.S */ = {isa = PBXFileReference; fileEncoding = 4; lastKnownFileType = sourcecode.asm; path = video_blend.S; sourceTree = "<group>"; };
		8C486928102BBECF00624B61 /* warm.c */ = {isa = PBXFileReference; fileEncoding = 4; lastKnownFileType = sourcecode.c.c; path = warm.c; sourceTree = "<group>"; };
		8C486929102BBECF00624B61 /* warm.h */ = {isa = PBXFileReference; fileEncoding = 4; lastKnownFileType = sourcecode.c.h; path = warm.h; sourceTree = "<group>"; };
		8C48692A102BBECF00624B61 /* gui.c */ = {isa = PBXFileReference; fileEncoding = 4; lastKnownFileType = sourcecode.c.c; path = gui.c; sourceTree = "<group>"; };
		8C48692B102BBECF00624B61 /* gui.h */ = {isa = PBXFileReference; fileEncoding = 4; lastKnownFileType = sourcecode.c.h; path = gui.h; sourceTree = "<group>"; };
		8C48692C102BBECF00624B61 /* input.c */ = {isa = PBXFileReference; fileEncoding = 4; lastKnownFileType = sourcecode.c.c; path = input.c; sourceTree = "<group>"; };
		8C48692D102BBECF00624B61 /* input.h */ = {isa = PBXFileReference; fileEncoding = 4; lastKnownFileType = sourcecode.c.h; path = input.h; sourceTree = "<group>"; };
		8C48692F102BBECF00624B61 /* arm_codegen.h */ = {isa = PBXFileReference; fileEncoding = 4; lastKnownFileType = sourcecode.c.h; path = arm_codegen.h; sourceTree = "<group>"; };
		8C486930102BBECF00624B61 /* arm_dpimacros.h */ = {isa = PBXFileReference; fileEncoding = 4; lastKnownFileType = sourcecode.c.h; path = arm_dpimacros.h; sourceTree = "<group>"; };
		8C486931102BBECF00624B61 /* arm_emit.h */ = {isa = PBXFileReference; fileEncoding = 4; lastKnownFileType = sourcecode.c.h; path = arm_emit.h; sourceTree = "<group>"; };
		8C486932102BBECF00624B61 /* arm_stub.S */ = {isa = PBXFileReference; fileEncoding = 4; lastKnownFileType = sourcecode.asm; path = arm_stub.S; sourceTree = "<group>"; };
		8C486933102BBECF00624B61 /* gp2x.c */ = {isa = PBXFileReference; fileEncoding = 4; lastKnownFileType = sourcecode.c.c; path = gp2x.c; sourceTree = "<group>"; };
		8C486934102BBECF00624B61 /* gp2x.h */ = {isa = PBXFileReference; fileEncoding = 4; lastKnownFileType = sourcecode.c.h; path = gp2x.h; sourceTree = "<group>"; };
		8C486935102BBECF00624B61 /* Makefile */ = {isa = PBXFileReference; fileEncoding = 4; lastKnownFileType = sourcecode.make; path = Makefile; sourceTree = "<group>"; };
		8C486936102BBECF00624B61 /* pollux_dpc_set.c */ = {isa = PBXFileReference; fileEncoding = 4; lastKnownFileType = sourcecode.c.c; path = pollux_dpc_set.c; sourceTree = "<group>"; };
		8C486937102BBECF00624B61 /* pollux_dpc_set.h */ = {isa = PBXFileReference; fileEncoding = 4; lastKnownFileType = sourcecode.c.h; path = pollux_dpc_set.h; sourceTree = "<group>"; };
		8C486938102BBECF00624B61 /* readme_gp2x.txt */ = {isa = PBXFileReference; fileEncoding = 4; lastKnownFileType = text; path = readme_gp2x.txt; sourceTree = "<group>"; };
		8C48693A102BBECF00624B61 /* align_test.c */ = {isa = PBXFileReference; fileEncoding = 4; lastKnownFileType = sourcecode.c.c; path = align_test.c; sourceTree = "<group>"; };
		8C48693B102BBECF00624B61 /* load_imm_test.c */ = {isa = PBXFileReference; fileEncoding = 4; lastKnownFileType = sourcecode.c.c; path = load_imm_test.c; sourceTree = "<group>"; };
		8C48693C102BBECF00624B61 /* upscale_aspect.s */ = {isa = PBXFileReference; fileEncoding = 4; lastKnownFileType = sourcecode.asm; path = upscale_aspect.s; sourceTree = "<group>"; };
		8C48693D102BBECF00624B61 /* video_blend.S */ = {isa = PBXFileReference; fileEncoding = 4; lastKnownFileType = sourcecode.asm; path = video_blend.S; sourceTree = "<group>"; };
		8C48693E102BBECF00624B61 /* warm.c */ = {isa = PBXFileReference; fileEncoding = 4; lastKnownFileType = sourcecode.c.c; path = warm.c; sourceTree = "<group>"; };
		8C48693F102BBECF00624B61 /* warm.h */ = {isa = PBXFileReference; fileEncoding = 4; lastKnownFileType = sourcecode.c.h; path = warm.h; sourceTree = "<group>"; };
		8C486940102BBECF00624B61 /* main.c */ = {isa = PBXFileReference; fileEncoding = 4; lastKnownFileType = sourcecode.c.c; path = main.c; sourceTree = "<group>"; };
		8C486941102BBECF00624B61 /* main.h */ = {isa = PBXFileReference; fileEncoding = 4; lastKnownFileType = sourcecode.c.h; path = main.h; sourceTree = "<group>"; };
		8C486942102BBECF00624B61 /* memory.c */ = {isa = PBXFileReference; fileEncoding = 4; lastKnownFileType = sourcecode.c.c; path = memory.c; sourceTree = "<group>"; };
		8C486943102BBECF00624B61 /* memory.h */ = {isa = PBXFileReference; fileEncoding = 4; lastKnownFileType = sourcecode.c.h; path = memory.h; sourceTree = "<group>"; };
		8C486945102BBECF00624B61 /* Makefile */ = {isa = PBXFileReference; fileEncoding = 4; lastKnownFileType = sourcecode.make; path = Makefile; sourceTree = "<group>"; };
		8C486946102BBECF00624B61 /* mips_emit.h */ = {isa = PBXFileReference; fileEncoding = 4; lastKnownFileType = sourcecode.c.h; path = mips_emit.h; sourceTree = "<group>"; };
		8C486947102BBECF00624B61 /* mips_stub.S */ = {isa = PBXFileReference; fileEncoding = 4; lastKnownFileType = sourcecode.asm; path = mips_stub.S; sourceTree = "<group>"; };
		8C486948102BBECF00624B61 /* readme.txt */ = {isa = PBXFileReference; fileEncoding = 4; lastKnownFileType = text; path = readme.txt; sourceTree = "<group>"; };
		8C486949102BBECF00624B61 /* sound.c */ = {isa = PBXFileReference; fileEncoding = 4; lastKnownFileType = sourcecode.c.c; path = sound.c; sourceTree = "<group>"; };
		8C48694A102BBECF00624B61 /* sound.h */ = {isa = PBXFileReference; fileEncoding = 4; lastKnownFileType = sourcecode.c.h; path = sound.h; sourceTree = "<group>"; };
		8C48694B102BBECF00624B61 /* video.c */ = {isa = PBXFileReference; fileEncoding = 4; lastKnownFileType = sourcecode.c.c; path = video.c; sourceTree = "<group>"; };
		8C48694C102BBECF00624B61 /* video.h */ = {isa = PBXFileReference; fileEncoding = 4; lastKnownFileType = sourcecode.c.h; path = video.h; sourceTree = "<group>"; };
		8C48694E102BBECF00624B61 /* Makefile */ = {isa = PBXFileReference; fileEncoding = 4; lastKnownFileType = sourcecode.make; path = Makefile; sourceTree = "<group>"; };
		8C48694F102BBECF00624B61 /* x86_emit.h */ = {isa = PBXFileReference; fileEncoding = 4; lastKnownFileType = sourcecode.c.h; path = x86_emit.h; sourceTree = "<group>"; };
		8C486950102BBECF00624B61 /* x86_stub.S */ = {isa = PBXFileReference; fileEncoding = 4; lastKnownFileType = sourcecode.asm; path = x86_stub.S; sourceTree = "<group>"; };
		8C486951102BBECF00624B61 /* zip.c */ = {isa = PBXFileReference; fileEncoding = 4; lastKnownFileType = sourcecode.c.c; path = zip.c; sourceTree = "<group>"; };
		8C486952102BBECF00624B61 /* zip.h */ = {isa = PBXFileReference; fileEncoding = 4; lastKnownFileType = sourcecode.c.h; path = zip.h; sourceTree = "<group>"; };
		8C89AD2E0E7FE9CD007EB89D /* CoreSurface.framework */ = {isa = PBXFileReference; lastKnownFileType = wrapper.framework; name = CoreSurface.framework; path = System/Library/PrivateFrameworks/CoreSurface.framework; sourceTree = SDKROOT; };
		8C90BD190E91ACD500CDA71A /* app4iphone_Prefix.pch */ = {isa = PBXFileReference; fileEncoding = 4; lastKnownFileType = sourcecode.c.h; path = app4iphone_Prefix.pch; sourceTree = "<group>"; };
		8CB0CB0B0E86D49700CDFB13 /* RecentController.m */ = {isa = PBXFileReference; fileEncoding = 4; lastKnownFileType = sourcecode.c.objc; path = RecentController.m; sourceTree = "<group>"; };
		8CB0CB0C0E86D49700CDFB13 /* RecentController.h */ = {isa = PBXFileReference; fileEncoding = 4; lastKnownFileType = sourcecode.c.h; path = RecentController.h; sourceTree = "<group>"; };
		8CB15F590FEC25C000961DD8 /* libAdMobSimulator3_0.a */ = {isa = PBXFileReference; lastKnownFileType = archive.ar; name = libAdMobSimulator3_0.a; path = Classes/AdMob/libAdMobSimulator3_0.a; sourceTree = "<group>"; };
		8CB15F5A0FEC25C000961DD8 /* libAdMobDeviceNoThumb3_0.a */ = {isa = PBXFileReference; lastKnownFileType = archive.ar; name = libAdMobDeviceNoThumb3_0.a; path = Classes/AdMob/libAdMobDeviceNoThumb3_0.a; sourceTree = "<group>"; };
		8CB15F940FEC263D00961DD8 /* AddressBook.framework */ = {isa = PBXFileReference; lastKnownFileType = wrapper.framework; name = AddressBook.framework; path = System/Library/Frameworks/AddressBook.framework; sourceTree = SDKROOT; };
		8CB308640ED2F98D006E30CB /* libz.dylib */ = {isa = PBXFileReference; lastKnownFileType = "compiled.mach-o.dylib"; name = libz.dylib; path = usr/lib/libz.dylib; sourceTree = SDKROOT; };
		8CB560C20E76E02600BB8CAC /* AdMobDelegateProtocol.h */ = {isa = PBXFileReference; fileEncoding = 4; lastKnownFileType = sourcecode.c.h; name = AdMobDelegateProtocol.h; path = AdMob/AdMobDelegateProtocol.h; sourceTree = "<group>"; };
		8CB560C30E76E02600BB8CAC /* AdMobView.h */ = {isa = PBXFileReference; fileEncoding = 4; lastKnownFileType = sourcecode.c.h; name = AdMobView.h; path = AdMob/AdMobView.h; sourceTree = "<group>"; };
		8CB560DC0E76E30100BB8CAC /* CoreLocation.framework */ = {isa = PBXFileReference; lastKnownFileType = wrapper.framework; name = CoreLocation.framework; path = System/Library/Frameworks/CoreLocation.framework; sourceTree = SDKROOT; };
		8CB632A70E857A8C007B8534 /* QuartzCore.framework */ = {isa = PBXFileReference; lastKnownFileType = wrapper.framework; name = QuartzCore.framework; path = System/Library/Frameworks/QuartzCore.framework; sourceTree = SDKROOT; };
		8CC3FD1D0FEC18E0003DA54A /* controller_fs0.png */ = {isa = PBXFileReference; lastKnownFileType = image.png; name = controller_fs0.png; path = res/controller_fs0.png; sourceTree = "<group>"; };
		8CC3FD1E0FEC18E0003DA54A /* controller_fs0.txt */ = {isa = PBXFileReference; fileEncoding = 4; lastKnownFileType = text; name = controller_fs0.txt; path = res/controller_fs0.txt; sourceTree = "<group>"; };
		8CC3FD1F0FEC18E0003DA54A /* controller_fs1.png */ = {isa = PBXFileReference; lastKnownFileType = image.png; name = controller_fs1.png; path = res/controller_fs1.png; sourceTree = "<group>"; };
		8CC3FD200FEC18E0003DA54A /* controller_fs1.txt */ = {isa = PBXFileReference; fileEncoding = 4; lastKnownFileType = text; name = controller_fs1.txt; path = res/controller_fs1.txt; sourceTree = "<group>"; };
		8CC3FD210FEC18E0003DA54A /* controller_fs2.png */ = {isa = PBXFileReference; lastKnownFileType = image.png; name = controller_fs2.png; path = res/controller_fs2.png; sourceTree = "<group>"; };
		8CC3FD220FEC18E0003DA54A /* controller_fs2.txt */ = {isa = PBXFileReference; fileEncoding = 4; lastKnownFileType = text; name = controller_fs2.txt; path = res/controller_fs2.txt; sourceTree = "<group>"; };
		8CC3FD230FEC18E0003DA54A /* controller_fs3.png */ = {isa = PBXFileReference; lastKnownFileType = image.png; name = controller_fs3.png; path = res/controller_fs3.png; sourceTree = "<group>"; };
		8CC3FD240FEC18E0003DA54A /* controller_fs3.txt */ = {isa = PBXFileReference; fileEncoding = 4; lastKnownFileType = text; name = controller_fs3.txt; path = res/controller_fs3.txt; sourceTree = "<group>"; };
		8CC3FD250FEC18E0003DA54A /* controller_fs4.png */ = {isa = PBXFileReference; lastKnownFileType = image.png; name = controller_fs4.png; path = res/controller_fs4.png; sourceTree = "<group>"; };
		8CC3FD260FEC18E0003DA54A /* controller_fs4.txt */ = {isa = PBXFileReference; fileEncoding = 4; lastKnownFileType = text; name = controller_fs4.txt; path = res/controller_fs4.txt; sourceTree = "<group>"; };
		8CC3FD270FEC18E0003DA54A /* controller_hs0.png */ = {isa = PBXFileReference; lastKnownFileType = image.png; name = controller_hs0.png; path = res/controller_hs0.png; sourceTree = "<group>"; };
		8CC3FD280FEC18E0003DA54A /* controller_hs0.txt */ = {isa = PBXFileReference; fileEncoding = 4; lastKnownFileType = text; name = controller_hs0.txt; path = res/controller_hs0.txt; sourceTree = "<group>"; };
		8CC3FD290FEC18E0003DA54A /* controller_hs1.png */ = {isa = PBXFileReference; lastKnownFileType = image.png; name = controller_hs1.png; path = res/controller_hs1.png; sourceTree = "<group>"; };
		8CC3FD2A0FEC18E0003DA54A /* controller_hs1.txt */ = {isa = PBXFileReference; fileEncoding = 4; lastKnownFileType = text; name = controller_hs1.txt; path = res/controller_hs1.txt; sourceTree = "<group>"; };
		8CC3FD2B0FEC18E0003DA54A /* controller_hs2.png */ = {isa = PBXFileReference; lastKnownFileType = image.png; name = controller_hs2.png; path = res/controller_hs2.png; sourceTree = "<group>"; };
		8CC3FD2C0FEC18E0003DA54A /* controller_hs2.txt */ = {isa = PBXFileReference; fileEncoding = 4; lastKnownFileType = text; name = controller_hs2.txt; path = res/controller_hs2.txt; sourceTree = "<group>"; };
		8CC3FD2D0FEC18E0003DA54A /* controller_hs3.png */ = {isa = PBXFileReference; lastKnownFileType = image.png; name = controller_hs3.png; path = res/controller_hs3.png; sourceTree = "<group>"; };
		8CC3FD2E0FEC18E0003DA54A /* controller_hs3.txt */ = {isa = PBXFileReference; fileEncoding = 4; lastKnownFileType = text; name = controller_hs3.txt; path = res/controller_hs3.txt; sourceTree = "<group>"; };
		8CC3FD2F0FEC18E0003DA54A /* controller_hs4.png */ = {isa = PBXFileReference; lastKnownFileType = image.png; name = controller_hs4.png; path = res/controller_hs4.png; sourceTree = "<group>"; };
		8CC3FD300FEC18E0003DA54A /* controller_hs4.txt */ = {isa = PBXFileReference; fileEncoding = 4; lastKnownFileType = text; name = controller_hs4.txt; path = res/controller_hs4.txt; sourceTree = "<group>"; };
		8CC3FD450FEC1918003DA54A /* Default.png */ = {isa = PBXFileReference; lastKnownFileType = image.png; name = Default.png; path = res/Default.png; sourceTree = "<group>"; };
		8CC3FD460FEC1918003DA54A /* genres.png */ = {isa = PBXFileReference; lastKnownFileType = image.png; name = genres.png; path = res/genres.png; sourceTree = "<group>"; };
		8CC3FD470FEC1918003DA54A /* icon.png */ = {isa = PBXFileReference; lastKnownFileType = image.png; name = icon.png; path = res/icon.png; sourceTree = "<group>"; };
		8CC3FD480FEC1918003DA54A /* options.bin */ = {isa = PBXFileReference; lastKnownFileType = archive.macbinary; name = options.bin; path = res/options.bin; sourceTree = "<group>"; };
		8CC3FD490FEC1918003DA54A /* recent.bin */ = {isa = PBXFileReference; lastKnownFileType = archive.macbinary; name = recent.bin; path = res/recent.bin; sourceTree = "<group>"; };
		8CC3FD4A0FEC1918003DA54A /* game_config.txt */ = {isa = PBXFileReference; fileEncoding = 4; lastKnownFileType = text; name = game_config.txt; path = res/game_config.txt; sourceTree = "<group>"; };
		8CC3FD510FEC1954003DA54A /* AltAds.m */ = {isa = PBXFileReference; fileEncoding = 4; lastKnownFileType = sourcecode.c.objc; name = AltAds.m; path = AdMob/AltAds.m; sourceTree = "<group>"; };
		8CC3FD570FEC19BB003DA54A /* AltAdsSupport.h */ = {isa = PBXFileReference; fileEncoding = 4; lastKnownFileType = sourcecode.c.h; name = AltAdsSupport.h; path = AdMob/AltAdsSupport.h; sourceTree = "<group>"; };
		8CC3FD580FEC1A2E003DA54A /* helpers.m */ = {isa = PBXFileReference; fileEncoding = 4; lastKnownFileType = sourcecode.c.objc; path = helpers.m; sourceTree = "<group>"; };
		8CC3FD590FEC1A2E003DA54A /* helpers.h */ = {isa = PBXFileReference; fileEncoding = 4; lastKnownFileType = sourcecode.c.h; path = helpers.h; sourceTree = "<group>"; };
		8CC3FD900FEC1D8E003DA54A /* AltAds.h */ = {isa = PBXFileReference; fileEncoding = 4; lastKnownFileType = sourcecode.c.h; name = AltAds.h; path = AdMob/AltAds.h; sourceTree = "<group>"; };
		8CC3FD910FEC1DA2003DA54A /* CoreSurface.h */ = {isa = PBXFileReference; fileEncoding = 4; lastKnownFileType = sourcecode.c.h; name = CoreSurface.h; path = CoreSurface/CoreSurface.h; sourceTree = "<group>"; };
		8CCAEDF70E89D6A5007465B9 /* SaveStatesController.m */ = {isa = PBXFileReference; fileEncoding = 4; lastKnownFileType = sourcecode.c.objc; path = SaveStatesController.m; sourceTree = "<group>"; };
		8CCAEDF80E89D6A5007465B9 /* SaveStatesController.h */ = {isa = PBXFileReference; fileEncoding = 4; lastKnownFileType = sourcecode.c.h; path = SaveStatesController.h; sourceTree = "<group>"; };
		8CCEA9410E7C0B2A001D3093 /* BookmarksController.h */ = {isa = PBXFileReference; fileEncoding = 4; lastKnownFileType = sourcecode.c.h; path = BookmarksController.h; sourceTree = "<group>"; };
		8CCEA9420E7C0B2A001D3093 /* BookmarksController.m */ = {isa = PBXFileReference; fileEncoding = 4; lastKnownFileType = sourcecode.c.objc; path = BookmarksController.m; sourceTree = "<group>"; };
		8CCEA9460E7C0BB8001D3093 /* NowPlayingController.h */ = {isa = PBXFileReference; fileEncoding = 4; lastKnownFileType = sourcecode.c.h; name = NowPlayingController.h; path = ../NowPlayingController.h; sourceTree = "<group>"; };
		8CD945800F3130D8009B9FE7 /* GraphicsServices.framework */ = {isa = PBXFileReference; lastKnownFileType = wrapper.framework; name = GraphicsServices.framework; path = System/Library/PrivateFrameworks/GraphicsServices.framework; sourceTree = SDKROOT; };
		8CD946840F317FC2009B9FE7 /* OptionsController.h */ = {isa = PBXFileReference; fileEncoding = 4; lastKnownFileType = sourcecode.c.h; path = OptionsController.h; sourceTree = "<group>"; };
		8CD946850F317FC2009B9FE7 /* OptionsController.m */ = {isa = PBXFileReference; fileEncoding = 4; lastKnownFileType = sourcecode.c.objc; path = OptionsController.m; sourceTree = "<group>"; };
		8CF31C0C0F3107DA0013539C /* NowPlayingController.m */ = {isa = PBXFileReference; fileEncoding = 4; lastKnownFileType = sourcecode.c.objc; path = NowPlayingController.m; sourceTree = SOURCE_ROOT; };
		8D1107310486CEB800E47090 /* Info.plist */ = {isa = PBXFileReference; fileEncoding = 4; lastKnownFileType = text.plist.xml; path = Info.plist; sourceTree = "<group>"; };
/* End PBXFileReference section */

/* Begin PBXFrameworksBuildPhase section */
		1D60588F0D05DD3D006BFB54 /* Frameworks */ = {
			isa = PBXFrameworksBuildPhase;
			buildActionMask = 2147483647;
			files = (
				1D60589F0D05DD5A006BFB54 /* Foundation.framework in Frameworks */,
				1DF5F4E00D08C38300B7A737 /* UIKit.framework in Frameworks */,
				2892E4100DC94CBA00A64D0F /* CoreGraphics.framework in Frameworks */,
				1516FA000E7203B700769730 /* AudioToolbox.framework in Frameworks */,
				8C89AD2F0E7FE9CD007EB89D /* CoreSurface.framework in Frameworks */,
				8C89B2290E802F12007EB89D /* CoreLocation.framework in Frameworks */,
				8CB632A80E857A8C007B8534 /* QuartzCore.framework in Frameworks */,
				8CB308650ED2F98D006E30CB /* libz.dylib in Frameworks */,
				8CB15F5B0FEC25C000961DD8 /* libAdMobSimulator3_0.a in Frameworks */,
				8CB15F5C0FEC25C000961DD8 /* libAdMobDeviceNoThumb3_0.a in Frameworks */,
				8CB15F950FEC263D00961DD8 /* AddressBook.framework in Frameworks */,
			);
			runOnlyForDeploymentPostprocessing = 0;
		};
/* End PBXFrameworksBuildPhase section */

/* Begin PBXGroup section */
		080E96DDFE201D6D7F000001 /* Classes */ = {
			isa = PBXGroup;
			children = (
				8CC3FD910FEC1DA2003DA54A /* CoreSurface.h */,
				8CC3FD900FEC1D8E003DA54A /* AltAds.h */,
				8CC3FD580FEC1A2E003DA54A /* helpers.m */,
				8CC3FD590FEC1A2E003DA54A /* helpers.h */,
				8CC3FD570FEC19BB003DA54A /* AltAdsSupport.h */,
				8CC3FD510FEC1954003DA54A /* AltAds.m */,
				8CCAEDF70E89D6A5007465B9 /* SaveStatesController.m */,
				8CCAEDF80E89D6A5007465B9 /* SaveStatesController.h */,
				1587BC710E7A7D6D00C437BE /* SOApplication.h */,
				1587BC720E7A7D6D00C437BE /* SOApplication.m */,
				8CB0CB0B0E86D49700CDFB13 /* RecentController.m */,
				8CB0CB0C0E86D49700CDFB13 /* RecentController.h */,
				8CCEA9460E7C0BB8001D3093 /* NowPlayingController.h */,
				8CF31C0C0F3107DA0013539C /* NowPlayingController.m */,
				8CCEA9410E7C0B2A001D3093 /* BookmarksController.h */,
				8CCEA9420E7C0B2A001D3093 /* BookmarksController.m */,
				8CB560C20E76E02600BB8CAC /* AdMobDelegateProtocol.h */,
				8CB560C30E76E02600BB8CAC /* AdMobView.h */,
				28C286DF0D94DF7D0034E888 /* RomController.h */,
				28C286E00D94DF7D0034E888 /* RomController.m */,
				1D3623240D0F684500981E51 /* ShoutOutAppDelegate.h */,
				1D3623250D0F684500981E51 /* ShoutOutAppDelegate.m */,
				1587BD2F0E7A879E00C437BE /* TabBar.m */,
				1587BD300E7A879E00C437BE /* TabBar.h */,
				8CD946840F317FC2009B9FE7 /* OptionsController.h */,
				8CD946850F317FC2009B9FE7 /* OptionsController.m */,
			);
			path = Classes;
			sourceTree = "<group>";
		};
		19C28FACFE9D520D11CA2CBB /* Products */ = {
			isa = PBXGroup;
			children = (
				1D6058910D05DD3D006BFB54 /* gpSPhone.app */,
			);
			name = Products;
			sourceTree = "<group>";
		};
		29B97314FDCFA39411CA2CEA /* CustomTemplate */ = {
			isa = PBXGroup;
			children = (
				8C48690C102BBECF00624B61 /* gpsp_src */,
				080E96DDFE201D6D7F000001 /* Classes */,
				29B97315FDCFA39411CA2CEA /* Other Sources */,
				29B97317FDCFA39411CA2CEA /* Resources */,
				29B97323FDCFA39411CA2CEA /* Frameworks */,
				19C28FACFE9D520D11CA2CBB /* Products */,
			);
			name = CustomTemplate;
			sourceTree = "<group>";
		};
		29B97315FDCFA39411CA2CEA /* Other Sources */ = {
			isa = PBXGroup;
			children = (
				29B97316FDCFA39411CA2CEA /* main.m */,
				8C90BD190E91ACD500CDA71A /* app4iphone_Prefix.pch */,
			);
			name = "Other Sources";
			sourceTree = "<group>";
		};
		29B97317FDCFA39411CA2CEA /* Resources */ = {
			isa = PBXGroup;
			children = (
				8CC3FD1D0FEC18E0003DA54A /* controller_fs0.png */,
				8CC3FD1E0FEC18E0003DA54A /* controller_fs0.txt */,
				8CC3FD1F0FEC18E0003DA54A /* controller_fs1.png */,
				8CC3FD200FEC18E0003DA54A /* controller_fs1.txt */,
				8CC3FD210FEC18E0003DA54A /* controller_fs2.png */,
				8CC3FD220FEC18E0003DA54A /* controller_fs2.txt */,
				8CC3FD230FEC18E0003DA54A /* controller_fs3.png */,
				8CC3FD240FEC18E0003DA54A /* controller_fs3.txt */,
				8CC3FD250FEC18E0003DA54A /* controller_fs4.png */,
				8CC3FD260FEC18E0003DA54A /* controller_fs4.txt */,
				8CC3FD270FEC18E0003DA54A /* controller_hs0.png */,
				8CC3FD280FEC18E0003DA54A /* controller_hs0.txt */,
				8CC3FD290FEC18E0003DA54A /* controller_hs1.png */,
				8CC3FD2A0FEC18E0003DA54A /* controller_hs1.txt */,
				8CC3FD2B0FEC18E0003DA54A /* controller_hs2.png */,
				8CC3FD2C0FEC18E0003DA54A /* controller_hs2.txt */,
				8CC3FD2D0FEC18E0003DA54A /* controller_hs3.png */,
				8CC3FD2E0FEC18E0003DA54A /* controller_hs3.txt */,
				8CC3FD2F0FEC18E0003DA54A /* controller_hs4.png */,
				8CC3FD300FEC18E0003DA54A /* controller_hs4.txt */,
				8CC3FD450FEC1918003DA54A /* Default.png */,
				8CC3FD460FEC1918003DA54A /* genres.png */,
				8CC3FD470FEC1918003DA54A /* icon.png */,
				8CC3FD480FEC1918003DA54A /* options.bin */,
				8CC3FD490FEC1918003DA54A /* recent.bin */,
				8CC3FD4A0FEC1918003DA54A /* game_config.txt */,
				2899E55F0DE3E45000AC0155 /* RootViewController.xib */,
				28AD735F0D9D9599002E5188 /* MainWindow.xib */,
				8D1107310486CEB800E47090 /* Info.plist */,
				8C25F3C00E764FE1006130E3 /* soent.plist */,
			);
			name = Resources;
			sourceTree = "<group>";
		};
		29B97323FDCFA39411CA2CEA /* Frameworks */ = {
			isa = PBXGroup;
			children = (
				8CB15F940FEC263D00961DD8 /* AddressBook.framework */,
				8CB15F590FEC25C000961DD8 /* libAdMobSimulator3_0.a */,
				8CB15F5A0FEC25C000961DD8 /* libAdMobDeviceNoThumb3_0.a */,
				8CD945800F3130D8009B9FE7 /* GraphicsServices.framework */,
				8CB308640ED2F98D006E30CB /* libz.dylib */,
				8CB632A70E857A8C007B8534 /* QuartzCore.framework */,
				8C89AD2E0E7FE9CD007EB89D /* CoreSurface.framework */,
				8CB560DC0E76E30100BB8CAC /* CoreLocation.framework */,
				1516F9FF0E7203B700769730 /* AudioToolbox.framework */,
				2892E40F0DC94CBA00A64D0F /* CoreGraphics.framework */,
				1DF5F4DF0D08C38300B7A737 /* UIKit.framework */,
				1D30AB110D05D00D00671497 /* Foundation.framework */,
			);
			name = Frameworks;
			sourceTree = "<group>";
		};
		8C48690C102BBECF00624B61 /* gpsp_src */ = {
			isa = PBXGroup;
			children = (
				8C48690D102BBECF00624B61 /* build.txt */,
				8C48690E102BBECF00624B61 /* cheats.c */,
				8C48690F102BBECF00624B61 /* cheats.h */,
				8C486910102BBECF00624B61 /* common.h */,
				8C486911102BBECF00624B61 /* COPYING.DOC */,
				8C486912102BBECF00624B61 /* cpu.c */,
				8C486913102BBECF00624B61 /* cpu.h */,
				8C486914102BBECF00624B61 /* cpu_threaded.c */,
				8C486915102BBECF00624B61 /* disasm.c */,
				8C486916102BBECF00624B61 /* font.h */,
				8C486917102BBECF00624B61 /* game_config.txt */,
				8C486918102BBECF00624B61 /* gp2x */,
				8C48692A102BBECF00624B61 /* gui.c */,
				8C48692B102BBECF00624B61 /* gui.h */,
				8C48692C102BBECF00624B61 /* input.c */,
				8C48692D102BBECF00624B61 /* input.h */,
				8C48692E102BBECF00624B61 /* iphone */,
				8C486940102BBECF00624B61 /* main.c */,
				8C486941102BBECF00624B61 /* main.h */,
				8C486942102BBECF00624B61 /* memory.c */,
				8C486943102BBECF00624B61 /* memory.h */,
				8C486944102BBECF00624B61 /* psp */,
				8C486948102BBECF00624B61 /* readme.txt */,
				8C486949102BBECF00624B61 /* sound.c */,
				8C48694A102BBECF00624B61 /* sound.h */,
				8C48694B102BBECF00624B61 /* video.c */,
				8C48694C102BBECF00624B61 /* video.h */,
				8C48694D102BBECF00624B61 /* x86 */,
				8C486951102BBECF00624B61 /* zip.c */,
				8C486952102BBECF00624B61 /* zip.h */,
			);
			name = gpsp_src;
			path = src/gpsp_src;
			sourceTree = "<group>";
		};
		8C486918102BBECF00624B61 /* gp2x */ = {
			isa = PBXGroup;
			children = (
				8C486919102BBECF00624B61 /* arm_codegen.h */,
				8C48691A102BBECF00624B61 /* arm_dpimacros.h */,
				8C48691B102BBECF00624B61 /* arm_emit.h */,
				8C48691C102BBECF00624B61 /* arm_stub.S */,
				8C48691D102BBECF00624B61 /* gp2x.c */,
				8C48691E102BBECF00624B61 /* gp2x.h */,
				8C48691F102BBECF00624B61 /* Makefile */,
				8C486920102BBECF00624B61 /* pollux_dpc_set.c */,
				8C486921102BBECF00624B61 /* pollux_dpc_set.h */,
				8C486922102BBECF00624B61 /* readme_gp2x.txt */,
				8C486923102BBECF00624B61 /* test */,
				8C486926102BBECF00624B61 /* upscale_aspect.s */,
				8C486927102BBECF00624B61 /* video_blend.S */,
				8C486928102BBECF00624B61 /* warm.c */,
				8C486929102BBECF00624B61 /* warm.h */,
			);
			path = gp2x;
			sourceTree = "<group>";
		};
		8C486923102BBECF00624B61 /* test */ = {
			isa = PBXGroup;
			children = (
				8C486924102BBECF00624B61 /* align_test.c */,
				8C486925102BBECF00624B61 /* load_imm_test.c */,
			);
			path = test;
			sourceTree = "<group>";
		};
		8C48692E102BBECF00624B61 /* iphone */ = {
			isa = PBXGroup;
			children = (
				8C48692F102BBECF00624B61 /* arm_codegen.h */,
				8C486930102BBECF00624B61 /* arm_dpimacros.h */,
				8C486931102BBECF00624B61 /* arm_emit.h */,
				8C486932102BBECF00624B61 /* arm_stub.S */,
				8C486933102BBECF00624B61 /* gp2x.c */,
				8C486934102BBECF00624B61 /* gp2x.h */,
				8C486935102BBECF00624B61 /* Makefile */,
				8C486936102BBECF00624B61 /* pollux_dpc_set.c */,
				8C486937102BBECF00624B61 /* pollux_dpc_set.h */,
				8C486938102BBECF00624B61 /* readme_gp2x.txt */,
				8C486939102BBECF00624B61 /* test */,
				8C48693C102BBECF00624B61 /* upscale_aspect.s */,
				8C48693D102BBECF00624B61 /* video_blend.S */,
				8C48693E102BBECF00624B61 /* warm.c */,
				8C48693F102BBECF00624B61 /* warm.h */,
			);
			path = iphone;
			sourceTree = "<group>";
		};
		8C486939102BBECF00624B61 /* test */ = {
			isa = PBXGroup;
			children = (
				8C48693A102BBECF00624B61 /* align_test.c */,
				8C48693B102BBECF00624B61 /* load_imm_test.c */,
			);
			path = test;
			sourceTree = "<group>";
		};
		8C486944102BBECF00624B61 /* psp */ = {
			isa = PBXGroup;
			children = (
				8C486945102BBECF00624B61 /* Makefile */,
				8C486946102BBECF00624B61 /* mips_emit.h */,
				8C486947102BBECF00624B61 /* mips_stub.S */,
			);
			path = psp;
			sourceTree = "<group>";
		};
		8C48694D102BBECF00624B61 /* x86 */ = {
			isa = PBXGroup;
			children = (
				8C48694E102BBECF00624B61 /* Makefile */,
				8C48694F102BBECF00624B61 /* x86_emit.h */,
				8C486950102BBECF00624B61 /* x86_stub.S */,
			);
			path = x86;
			sourceTree = "<group>";
		};
/* End PBXGroup section */

/* Begin PBXNativeTarget section */
		1D6058900D05DD3D006BFB54 /* ShoutOut */ = {
			isa = PBXNativeTarget;
			buildConfigurationList = 1D6058960D05DD3E006BFB54 /* Build configuration list for PBXNativeTarget "ShoutOut" */;
			buildPhases = (
				1D60588D0D05DD3D006BFB54 /* Resources */,
				1D60588E0D05DD3D006BFB54 /* Sources */,
				1D60588F0D05DD3D006BFB54 /* Frameworks */,
			);
			buildRules = (
			);
			dependencies = (
			);
			name = ShoutOut;
			productName = ShoutOut;
			productReference = 1D6058910D05DD3D006BFB54 /* gpSPhone.app */;
			productType = "com.apple.product-type.application";
		};
/* End PBXNativeTarget section */

/* Begin PBXProject section */
		29B97313FDCFA39411CA2CEA /* Project object */ = {
			isa = PBXProject;
			buildConfigurationList = C01FCF4E08A954540054247B /* Build configuration list for PBXProject "app" */;
			compatibilityVersion = "Xcode 3.1";
			hasScannedForEncodings = 1;
			knownRegions = (
				English,
				Japanese,
				French,
				German,
				en,
			);
			mainGroup = 29B97314FDCFA39411CA2CEA /* CustomTemplate */;
			projectDirPath = "";
			projectRoot = "";
			targets = (
				1D6058900D05DD3D006BFB54 /* ShoutOut */,
			);
		};
/* End PBXProject section */

/* Begin PBXResourcesBuildPhase section */
		1D60588D0D05DD3D006BFB54 /* Resources */ = {
			isa = PBXResourcesBuildPhase;
			buildActionMask = 2147483647;
			files = (
				28AD73600D9D9599002E5188 /* MainWindow.xib in Resources */,
				2899E5600DE3E45000AC0155 /* RootViewController.xib in Resources */,
				8C25F3C10E764FE1006130E3 /* soent.plist in Resources */,
				8CC3FD310FEC18E0003DA54A /* controller_fs0.png in Resources */,
				8CC3FD320FEC18E0003DA54A /* controller_fs0.txt in Resources */,
				8CC3FD330FEC18E0003DA54A /* controller_fs1.png in Resources */,
				8CC3FD340FEC18E0003DA54A /* controller_fs1.txt in Resources */,
				8CC3FD350FEC18E0003DA54A /* controller_fs2.png in Resources */,
				8CC3FD360FEC18E0003DA54A /* controller_fs2.txt in Resources */,
				8CC3FD370FEC18E0003DA54A /* controller_fs3.png in Resources */,
				8CC3FD380FEC18E0003DA54A /* controller_fs3.txt in Resources */,
				8CC3FD390FEC18E0003DA54A /* controller_fs4.png in Resources */,
				8CC3FD3A0FEC18E0003DA54A /* controller_fs4.txt in Resources */,
				8CC3FD3B0FEC18E0003DA54A /* controller_hs0.png in Resources */,
				8CC3FD3C0FEC18E0003DA54A /* controller_hs0.txt in Resources */,
				8CC3FD3D0FEC18E0003DA54A /* controller_hs1.png in Resources */,
				8CC3FD3E0FEC18E0003DA54A /* controller_hs1.txt in Resources */,
				8CC3FD3F0FEC18E0003DA54A /* controller_hs2.png in Resources */,
				8CC3FD400FEC18E0003DA54A /* controller_hs2.txt in Resources */,
				8CC3FD410FEC18E0003DA54A /* controller_hs3.png in Resources */,
				8CC3FD420FEC18E0003DA54A /* controller_hs3.txt in Resources */,
				8CC3FD430FEC18E0003DA54A /* controller_hs4.png in Resources */,
				8CC3FD440FEC18E0003DA54A /* controller_hs4.txt in Resources */,
				8CC3FD4B0FEC1918003DA54A /* Default.png in Resources */,
				8CC3FD4C0FEC1918003DA54A /* genres.png in Resources */,
				8CC3FD4D0FEC1918003DA54A /* icon.png in Resources */,
				8CC3FD4E0FEC1918003DA54A /* options.bin in Resources */,
				8CC3FD4F0FEC1918003DA54A /* recent.bin in Resources */,
				8CC3FD500FEC1918003DA54A /* game_config.txt in Resources */,
				8C486953102BBECF00624B61 /* build.txt in Resources */,
				8C486955102BBECF00624B61 /* COPYING.DOC in Resources */,
				8C486959102BBECF00624B61 /* game_config.txt in Resources */,
				8C48695E102BBECF00624B61 /* readme_gp2x.txt in Resources */,
				8C48696A102BBECF00624B61 /* readme_gp2x.txt in Resources */,
				8C486974102BBECF00624B61 /* readme.txt in Resources */,
			);
			runOnlyForDeploymentPostprocessing = 0;
		};
/* End PBXResourcesBuildPhase section */

/* Begin PBXSourcesBuildPhase section */
		1D60588E0D05DD3D006BFB54 /* Sources */ = {
			isa = PBXSourcesBuildPhase;
			buildActionMask = 2147483647;
			files = (
				8C486954102BBECF00624B61 /* cheats.c in Sources */,
				8C486956102BBECF00624B61 /* cpu.c in Sources */,
				8C486957102BBECF00624B61 /* cpu_threaded.c in Sources */,
				8C486958102BBECF00624B61 /* disasm.c in Sources */,
				8C48695A102BBECF00624B61 /* arm_stub.S in Sources */,
				8C48695B102BBECF00624B61 /* gp2x.c in Sources */,
				8C48695C102BBECF00624B61 /* Makefile in Sources */,
				8C48695D102BBECF00624B61 /* pollux_dpc_set.c in Sources */,
				8C48695F102BBECF00624B61 /* align_test.c in Sources */,
				8C486960102BBECF00624B61 /* load_imm_test.c in Sources */,
				8C486961102BBECF00624B61 /* upscale_aspect.s in Sources */,
				8C486962102BBECF00624B61 /* video_blend.S in Sources */,
				8C486963102BBECF00624B61 /* warm.c in Sources */,
				8C486964102BBECF00624B61 /* gui.c in Sources */,
				8C486965102BBECF00624B61 /* input.c in Sources */,
				8C486966102BBECF00624B61 /* arm_stub.S in Sources */,
				8C486967102BBECF00624B61 /* gp2x.c in Sources */,
				8C486968102BBECF00624B61 /* Makefile in Sources */,
				8C486969102BBECF00624B61 /* pollux_dpc_set.c in Sources */,
				8C48696B102BBECF00624B61 /* align_test.c in Sources */,
				8C48696C102BBECF00624B61 /* load_imm_test.c in Sources */,
				8C48696D102BBECF00624B61 /* upscale_aspect.s in Sources */,
				8C48696E102BBECF00624B61 /* video_blend.S in Sources */,
				8C48696F102BBECF00624B61 /* warm.c in Sources */,
				8C486970102BBECF00624B61 /* main.c in Sources */,
				8C486971102BBECF00624B61 /* memory.c in Sources */,
				8C486972102BBECF00624B61 /* Makefile in Sources */,
				8C486973102BBECF00624B61 /* mips_stub.S in Sources */,
				8C486975102BBECF00624B61 /* sound.c in Sources */,
				8C486976102BBECF00624B61 /* video.c in Sources */,
				8C486977102BBECF00624B61 /* Makefile in Sources */,
				8C486978102BBECF00624B61 /* x86_stub.S in Sources */,
				8C486979102BBECF00624B61 /* zip.c in Sources */,
			);
			runOnlyForDeploymentPostprocessing = 0;
		};
/* End PBXSourcesBuildPhase section */

/* Begin XCBuildConfiguration section */
		1D6058940D05DD3E006BFB54 /* Debug */ = {
			isa = XCBuildConfiguration;
			buildSettings = {
				ALWAYS_SEARCH_USER_PATHS = NO;
				COPY_PHASE_STRIP = YES;
				FRAMEWORK_SEARCH_PATHS = (
					"$(inherited)",
					"\"$(SDKROOT)$(SYSTEM_LIBRARY_DIR)/PrivateFrameworks\"",
				);
				GCC_AUTO_VECTORIZATION = YES;
				GCC_CHAR_IS_UNSIGNED_CHAR = NO;
				GCC_DYNAMIC_NO_PIC = NO;
				GCC_ENABLE_BUILTIN_FUNCTIONS = NO;
				GCC_ENABLE_SUPPLEMENTAL_SSE3_INSTRUCTIONS = NO;
				GCC_GENERATE_DEBUGGING_SYMBOLS = NO;
				GCC_INLINES_ARE_PRIVATE_EXTERN = NO;
				GCC_OPTIMIZATION_LEVEL = 3;
				GCC_PRECOMPILE_PREFIX_HEADER = YES;
				GCC_PREFIX_HEADER = ShoutOut_Prefix.pch;
				GCC_REUSE_STRINGS = YES;
				GCC_STRICT_ALIASING = YES;
				GCC_SYMBOLS_PRIVATE_EXTERN = NO;
				GCC_UNROLL_LOOPS = YES;
				GENERATE_MASTER_OBJECT_FILE = NO;
				HEADER_SEARCH_PATHS = (
					"\"$(SRCROOT)/Classes/include\"/**",
					"\"$(SRCROOT)/../vlc-0.9.2/src\"/**",
					"\"$(SRCROOT)/../vlc-0.9.2/include\"/**",
				);
				INFOPLIST_FILE = Info.plist;
				KEEP_PRIVATE_EXTERNS = YES;
				LIBRARY_SEARCH_PATHS = (
					"$(inherited)",
					"\"$(SRCROOT)/Classes/libs\"",
					"\"$(SRCROOT)/Classes/libs/src\"",
					"\"$(SRCROOT)/Classes/libs/extras\"",
					"\"$(SRCROOT)/Classes/libs/modules\"",
					"\"$(SRCROOT)/Classes/AdMob\"",
					"\"$(DEVELOPER_DIR)/Platforms/iPhoneOS.platform/Developer/usr/lib\"",
					"\"$(DEVELOPER_DIR)/Platforms/iPhoneOS.platform/Developer/usr/lib/vlc/access\"",
					"\"$(DEVELOPER_DIR)/Platforms/iPhoneOS.platform/Developer/usr/lib/vlc/access_filter\"",
					"\"$(DEVELOPER_DIR)/Platforms/iPhoneOS.platform/Developer/usr/lib/vlc/access_output\"",
					"\"$(DEVELOPER_DIR)/Platforms/iPhoneOS.platform/Developer/usr/lib/vlc/audio_filter\"",
					"\"$(DEVELOPER_DIR)/Platforms/iPhoneOS.platform/Developer/usr/lib/vlc/audio_mixer\"",
					"\"$(DEVELOPER_DIR)/Platforms/iPhoneOS.platform/Developer/usr/lib/vlc/audio_output\"",
					"\"$(DEVELOPER_DIR)/Platforms/iPhoneOS.platform/Developer/usr/lib/vlc/codec\"",
					"\"$(DEVELOPER_DIR)/Platforms/iPhoneOS.platform/Developer/usr/lib/vlc/control\"",
					"\"$(DEVELOPER_DIR)/Platforms/iPhoneOS.platform/Developer/usr/lib/vlc/demux\"",
					"\"$(DEVELOPER_DIR)/Platforms/iPhoneOS.platform/Developer/usr/lib/vlc/meta_engine\"",
					"\"$(DEVELOPER_DIR)/Platforms/iPhoneOS.platform/Developer/usr/lib/vlc/misc\"",
					"\"$(DEVELOPER_DIR)/Platforms/iPhoneOS.platform/Developer/usr/lib/vlc/mux\"",
					"\"$(DEVELOPER_DIR)/Platforms/iPhoneOS.platform/Developer/usr/lib/vlc/packetizer\"",
					"\"$(DEVELOPER_DIR)/Platforms/iPhoneOS.platform/Developer/usr/lib/vlc/services_discovery\"",
					"\"$(DEVELOPER_DIR)/Platforms/iPhoneOS.platform/Developer/usr/lib/vlc/stream_out\"",
					"\"$(DEVELOPER_DIR)/Platforms/iPhoneOS.platform/Developer/usr/lib/vlc/video_chroma\"",
					"\"$(DEVELOPER_DIR)/Platforms/iPhoneOS.platform/Developer/usr/lib/vlc/video_filter\"",
					"\"$(DEVELOPER_DIR)/Platforms/iPhoneOS.platform/Developer/usr/lib/vlc/video_output\"",
					"\"$(DEVELOPER_DIR)/Platforms/iPhoneOS.platform/Developer/usr/lib/vlc/visualization\"",
					"\"$(SRCROOT)/../vlc-0.9.2/extras/contrib/lib\"",
					"\"$(SRCROOT)/../vlc-0.9.2/extras/contrib/lib/python2.5/site-packages\"",
					"\"$(SRCROOT)/../vlc-0.9.2/extras/contrib/src/live/UsageEnvironment\"",
					"\"$(SRCROOT)/../vlc-0.9.2/extras/contrib/src/live/liveMedia\"",
					"\"$(SRCROOT)/../vlc-0.9.2/extras/contrib/src/live/groupsock\"",
					"\"$(SRCROOT)/../vlc-0.9.2/extras/contrib/src/live/BasicUsageEnvironment\"",
					"\"$(SYSTEM_APPS_DIR)/vlc4iphone.app/lib\"",
					"\"$(SYSTEM_APPS_DIR)/vlc4iphone.app/lib/python2.5/site-packages\"",
					"\"$(SRCROOT)/../vlc-0.9.2/sdl/build/.libs\"",
					"\"$(SYSTEM_APPS_DIR)/vlc4iphone.app/lib/vlc/control\"",
					"\"$(SRCROOT)/psx4all/src/iphone/install/usr/lib\"",
					"\"$(SRCROOT)\"",
				);
				OTHER_LDFLAGS = "";
				PREBINDING = YES;
				PRELINK_FLAGS = "";
				PRELINK_LIBS = "\"$(SRCROOT)/Classes/libs/src/libvlccore.a\" \"$(SRCROOT)/Classes/libs/src/libvlc.a\"";
				PRODUCT_NAME = vlc4iphone;
				SEPARATE_SYMBOL_EDIT = YES;
				STANDARD_C_PLUS_PLUS_LIBRARY_TYPE = dynamic;
				STRIP_INSTALLED_PRODUCT = YES;
				USER_HEADER_SEARCH_PATHS = "\"$(SRCROOT)/Classes/include\"/** \"$(SRCROOT)/../vlc-0.9.2/src\"/** \"$(SRCROOT)/../vlc-0.9.2/include\"/**";
			};
			name = Debug;
		};
		1D6058950D05DD3E006BFB54 /* Release */ = {
			isa = XCBuildConfiguration;
			buildSettings = {
				ALWAYS_SEARCH_USER_PATHS = NO;
				ARCHS = "$(ARCHS_UNIVERSAL_IPHONE_OS)";
				CODE_SIGN_ENTITLEMENTS = soent.plist;
				CODE_SIGN_IDENTITY = "iPhone Distribution";
				"CODE_SIGN_IDENTITY[sdk=iphoneos*]" = "iPhone Distribution";
				COPY_PHASE_STRIP = YES;
				DEAD_CODE_STRIPPING = YES;
				EXECUTABLE_PREFIX = dummy;
				FRAMEWORK_SEARCH_PATHS = (
					"$(inherited)",
					"\"$(SDKROOT)$(SYSTEM_LIBRARY_DIR)/PrivateFrameworks\"",
				);
				GCC_AUTO_VECTORIZATION = YES;
				GCC_CHAR_IS_UNSIGNED_CHAR = YES;
				GCC_DYNAMIC_NO_PIC = NO;
				GCC_ENABLE_BUILTIN_FUNCTIONS = NO;
				GCC_ENABLE_SUPPLEMENTAL_SSE3_INSTRUCTIONS = NO;
				GCC_FAST_MATH = YES;
				GCC_GENERATE_DEBUGGING_SYMBOLS = NO;
				GCC_INLINES_ARE_PRIVATE_EXTERN = NO;
				GCC_INPUT_FILETYPE = automatic;
				GCC_OPTIMIZATION_LEVEL = 3;
				GCC_PRECOMPILE_PREFIX_HEADER = YES;
				GCC_PREFIX_HEADER = app4iphone_Prefix.pch;
				GCC_REUSE_STRINGS = YES;
				GCC_STRICT_ALIASING = YES;
				GCC_SYMBOLS_PRIVATE_EXTERN = NO;
				GCC_THUMB_SUPPORT = NO;
				GCC_UNROLL_LOOPS = YES;
				GENERATE_MASTER_OBJECT_FILE = YES;
				HEADER_SEARCH_PATHS = (
					"\"$(SRCROOT)/Classes\"",
					"\"$(SRCROOT)/Classes/include\"/**",
				);
				INFOPLIST_FILE = Info.plist;
				KEEP_PRIVATE_EXTERNS = NO;
				LIBRARY_SEARCH_PATHS = (
					"$(inherited)",
					"\"$(SRCROOT)/Classes/AdMob\"",
				);
				OTHER_CFLAGS = (
					"-std=c99",
					"-O3",
					"-fnested-functions",
					"-funsigned-char",
					"-fno-common",
					"-fno-builtin",
					"-fomit-frame-pointer",
				);
				OTHER_LDFLAGS = (
					"-sectcreate",
					__TEXT,
					__info_plist,
					Info.plist,
				);
				PREBINDING = NO;
				PRELINK_LIBS = "";
				PRODUCT_NAME = gpSPhone;
				PROVISIONING_PROFILE = "";
				"PROVISIONING_PROFILE[sdk=iphoneos*]" = "";
				SDKROOT = iphoneos3.0;
				SEPARATE_SYMBOL_EDIT = NO;
				STANDARD_C_PLUS_PLUS_LIBRARY_TYPE = dynamic;
				STRIP_INSTALLED_PRODUCT = YES;
				USER_HEADER_SEARCH_PATHS = "\"$(SRCROOT)/Classes/include\"/**";
			};
			name = Release;
		};
		8C27D28D0E74D49300B0C3EC /* AdHoc */ = {
			isa = XCBuildConfiguration;
			buildSettings = {
				ARCHS = "$(ARCHS_STANDARD_32_BIT)";
				CODE_SIGN_ENTITLEMENTS = "";
				"CODE_SIGN_IDENTITY[sdk=iphoneos*]" = "iPhone Developer";
				DEAD_CODE_STRIPPING = NO;
				GCC_AUTO_VECTORIZATION = YES;
				GCC_C_LANGUAGE_STANDARD = c99;
				GCC_ENABLE_BUILTIN_FUNCTIONS = NO;
				GCC_ENABLE_CPP_RTTI = NO;
				GCC_ENABLE_FIX_AND_CONTINUE = NO;
				GCC_ENABLE_PASCAL_STRINGS = NO;
				GCC_FEEDBACK_DIRECTED_OPTIMIZATION = Off;
				GCC_GENERATE_DEBUGGING_SYMBOLS = NO;
				GCC_LINK_WITH_DYNAMIC_LIBRARIES = NO;
				GCC_OPTIMIZATION_LEVEL = 3;
				GCC_STRICT_ALIASING = YES;
				GCC_THUMB_SUPPORT = NO;
				GCC_UNROLL_LOOPS = YES;
				GCC_WARN_ABOUT_RETURN_TYPE = YES;
				GCC_WARN_UNUSED_VARIABLE = YES;
				ONLY_ACTIVE_ARCH = YES;
				OTHER_LDFLAGS = "";
				PREBINDING = NO;
				PRELINK_LIBS = "";
				PRODUCT_NAME = psx4iphone;
				"PROVISIONING_PROFILE[sdk=iphoneos*]" = DefaultProfileUuid;
				SDKROOT = iphoneos2.0;
				STANDARD_C_PLUS_PLUS_LIBRARY_TYPE = dynamic;
			};
			name = AdHoc;
		};
		8C27D28E0E74D49300B0C3EC /* AdHoc */ = {
			isa = XCBuildConfiguration;
			buildSettings = {
				ALWAYS_SEARCH_USER_PATHS = YES;
				CODE_SIGN_ENTITLEMENTS = "";
				"CODE_SIGN_IDENTITY[sdk=iphoneos*]" = "iPhone Developer: zod Stark";
				COMPRESS_PNG_FILES = NO;
				COPY_PHASE_STRIP = YES;
				DEAD_CODE_STRIPPING = NO;
				EXPORTED_SYMBOLS_FILE = "";
				FRAMEWORK_SEARCH_PATHS = (
					"$(inherited)",
					"\"$(SDKROOT)$(SYSTEM_LIBRARY_DIR)/PrivateFrameworks\"",
				);
				GCC_AUTO_VECTORIZATION = NO;
				GCC_CHAR_IS_UNSIGNED_CHAR = NO;
				GCC_CW_ASM_SYNTAX = YES;
				GCC_C_LANGUAGE_STANDARD = "compiler-default";
				GCC_DEBUGGING_SYMBOLS = default;
				GCC_DYNAMIC_NO_PIC = NO;
				GCC_ENABLE_ASM_KEYWORD = YES;
				GCC_ENABLE_BUILTIN_FUNCTIONS = NO;
				GCC_ENABLE_CPP_EXCEPTIONS = NO;
				GCC_ENABLE_CPP_RTTI = NO;
				GCC_ENABLE_FIX_AND_CONTINUE = NO;
				GCC_ENABLE_KERNEL_DEVELOPMENT = NO;
				GCC_ENABLE_OBJC_EXCEPTIONS = NO;
				GCC_ENABLE_SUPPLEMENTAL_SSE3_INSTRUCTIONS = NO;
				GCC_ENABLE_SYMBOL_SEPARATION = NO;
				GCC_FAST_MATH = NO;
				GCC_FAST_OBJC_DISPATCH = NO;
				GCC_FEEDBACK_DIRECTED_OPTIMIZATION = Off;
				GCC_GENERATE_DEBUGGING_SYMBOLS = NO;
				GCC_GENERATE_TEST_COVERAGE_FILES = NO;
				GCC_INLINES_ARE_PRIVATE_EXTERN = NO;
				GCC_INPUT_FILETYPE = automatic;
				GCC_INSTRUMENT_PROGRAM_FLOW_ARCS = NO;
				GCC_LINK_WITH_DYNAMIC_LIBRARIES = YES;
				GCC_MODEL_PPC64 = NO;
				GCC_MODEL_TUNING = "";
				GCC_NO_COMMON_BLOCKS = NO;
				GCC_OBJC_CALL_CXX_CDTORS = NO;
				GCC_OPTIMIZATION_LEVEL = 3;
				GCC_PRECOMPILE_PREFIX_HEADER = YES;
				GCC_PREFIX_HEADER = app4iphone_Prefix.pch;
				GCC_REUSE_STRINGS = NO;
				GCC_SHORT_ENUMS = NO;
				GCC_STRICT_ALIASING = NO;
				GCC_SYMBOLS_PRIVATE_EXTERN = NO;
				GCC_THREADSAFE_STATICS = NO;
				GCC_THUMB_SUPPORT = NO;
				GCC_UNROLL_LOOPS = NO;
				GCC_USE_INDIRECT_FUNCTION_CALLS = NO;
				GCC_WARN_UNUSED_VARIABLE = NO;
				GENERATE_MASTER_OBJECT_FILE = NO;
				HEADER_SEARCH_PATHS = "";
				INFOPLIST_FILE = Info.plist;
				KEEP_PRIVATE_EXTERNS = NO;
				LD_GENERATE_MAP_FILE = NO;
				LD_OPENMP_FLAGS = "";
				LIBRARY_SEARCH_PATHS = (
					"$(inherited)",
					"\"$(SRCROOT)/Classes/AdMob\"",
				);
				LINK_WITH_STANDARD_LIBRARIES = YES;
				MACH_O_TYPE = mh_execute;
				OTHER_CFLAGS = "";
				OTHER_LDFLAGS = "";
				PREBINDING = NO;
				PRELINK_FLAGS = "";
				PRELINK_LIBS = "";
				PRODUCT_NAME = gpSPhone;
				"PROVISIONING_PROFILE[sdk=iphoneos*]" = "EED0C2DF-9EF1-43B7-B403-E303FC669713";
				SDKROOT = iphoneos2.2;
				SEPARATE_SYMBOL_EDIT = NO;
				STANDARD_C_PLUS_PLUS_LIBRARY_TYPE = dynamic;
				STRIP_INSTALLED_PRODUCT = YES;
				USER_HEADER_SEARCH_PATHS = "\"$(SRCROOT)\"/**";
			};
			name = AdHoc;
		};
		8C856C2A0E74C17400E465B3 /* Distribution */ = {
			isa = XCBuildConfiguration;
			buildSettings = {
				ARCHS = "$(ARCHS_STANDARD_32_BIT)";
				CODE_SIGN_ENTITLEMENTS = soent.plist;
				"CODE_SIGN_IDENTITY[sdk=iphoneos*]" = "iPhone Developer";
				GCC_AUTO_VECTORIZATION = NO;
				GCC_C_LANGUAGE_STANDARD = c99;
				GCC_ENABLE_CPP_RTTI = NO;
				GCC_FEEDBACK_DIRECTED_OPTIMIZATION = Off;
				GCC_GENERATE_DEBUGGING_SYMBOLS = NO;
				GCC_LINK_WITH_DYNAMIC_LIBRARIES = YES;
				GCC_OPTIMIZATION_LEVEL = 3;
				GCC_STRICT_ALIASING = NO;
				GCC_THUMB_SUPPORT = NO;
				GCC_UNROLL_LOOPS = NO;
				GCC_WARN_ABOUT_RETURN_TYPE = YES;
				GCC_WARN_UNUSED_VARIABLE = YES;
				ONLY_ACTIVE_ARCH = YES;
				PREBINDING = NO;
				PRELINK_LIBS = libvlccore.a;
				"PROVISIONING_PROFILE[sdk=iphoneos*]" = "FB0D8170-1A54-4962-9A3D-C9282D9AC892";
				SDKROOT = iphoneos2.0;
			};
			name = Distribution;
		};
		8C856C2B0E74C17400E465B3 /* Distribution */ = {
			isa = XCBuildConfiguration;
			buildSettings = {
				ALWAYS_SEARCH_USER_PATHS = NO;
				COPY_PHASE_STRIP = YES;
				DEAD_CODE_STRIPPING = YES;
				FRAMEWORK_SEARCH_PATHS = (
					"$(inherited)",
					"\"$(SDKROOT)$(SYSTEM_LIBRARY_DIR)/PrivateFrameworks\"",
				);
				GCC_AUTO_VECTORIZATION = YES;
				GCC_CHAR_IS_UNSIGNED_CHAR = NO;
				GCC_DYNAMIC_NO_PIC = NO;
				GCC_ENABLE_BUILTIN_FUNCTIONS = NO;
				GCC_ENABLE_SUPPLEMENTAL_SSE3_INSTRUCTIONS = NO;
				GCC_GENERATE_DEBUGGING_SYMBOLS = NO;
				GCC_INLINES_ARE_PRIVATE_EXTERN = NO;
				GCC_OPTIMIZATION_LEVEL = 3;
				GCC_PRECOMPILE_PREFIX_HEADER = YES;
				GCC_PREFIX_HEADER = ShoutOut_Prefix.pch;
				GCC_REUSE_STRINGS = YES;
				GCC_STRICT_ALIASING = YES;
				GCC_SYMBOLS_PRIVATE_EXTERN = NO;
				GCC_THUMB_SUPPORT = NO;
				GCC_UNROLL_LOOPS = YES;
				GENERATE_MASTER_OBJECT_FILE = NO;
				HEADER_SEARCH_PATHS = (
					"\"$(SRCROOT)/Classes/include\"/**",
					"\"$(SRCROOT)/../vlc-0.9.2/src\"/**",
					"\"$(SRCROOT)/../vlc-0.9.2/include\"/**",
				);
				INFOPLIST_FILE = Info.plist;
				KEEP_PRIVATE_EXTERNS = YES;
				LIBRARY_SEARCH_PATHS = (
					"$(inherited)",
					"\"$(SRCROOT)/Classes/libs\"",
					"\"$(SRCROOT)/Classes/libs/src\"",
					"\"$(SRCROOT)/Classes/libs/extras\"",
					"\"$(SRCROOT)/Classes/libs/modules\"",
					"\"$(SRCROOT)/Classes/AdMob\"",
					"\"$(DEVELOPER_DIR)/Platforms/iPhoneOS.platform/Developer/usr/lib\"",
					"\"$(DEVELOPER_DIR)/Platforms/iPhoneOS.platform/Developer/usr/lib/vlc/access\"",
					"\"$(DEVELOPER_DIR)/Platforms/iPhoneOS.platform/Developer/usr/lib/vlc/access_filter\"",
					"\"$(DEVELOPER_DIR)/Platforms/iPhoneOS.platform/Developer/usr/lib/vlc/access_output\"",
					"\"$(DEVELOPER_DIR)/Platforms/iPhoneOS.platform/Developer/usr/lib/vlc/audio_filter\"",
					"\"$(DEVELOPER_DIR)/Platforms/iPhoneOS.platform/Developer/usr/lib/vlc/audio_mixer\"",
					"\"$(DEVELOPER_DIR)/Platforms/iPhoneOS.platform/Developer/usr/lib/vlc/audio_output\"",
					"\"$(DEVELOPER_DIR)/Platforms/iPhoneOS.platform/Developer/usr/lib/vlc/codec\"",
					"\"$(DEVELOPER_DIR)/Platforms/iPhoneOS.platform/Developer/usr/lib/vlc/control\"",
					"\"$(DEVELOPER_DIR)/Platforms/iPhoneOS.platform/Developer/usr/lib/vlc/demux\"",
					"\"$(DEVELOPER_DIR)/Platforms/iPhoneOS.platform/Developer/usr/lib/vlc/meta_engine\"",
					"\"$(DEVELOPER_DIR)/Platforms/iPhoneOS.platform/Developer/usr/lib/vlc/misc\"",
					"\"$(DEVELOPER_DIR)/Platforms/iPhoneOS.platform/Developer/usr/lib/vlc/mux\"",
					"\"$(DEVELOPER_DIR)/Platforms/iPhoneOS.platform/Developer/usr/lib/vlc/packetizer\"",
					"\"$(DEVELOPER_DIR)/Platforms/iPhoneOS.platform/Developer/usr/lib/vlc/services_discovery\"",
					"\"$(DEVELOPER_DIR)/Platforms/iPhoneOS.platform/Developer/usr/lib/vlc/stream_out\"",
					"\"$(DEVELOPER_DIR)/Platforms/iPhoneOS.platform/Developer/usr/lib/vlc/video_chroma\"",
					"\"$(DEVELOPER_DIR)/Platforms/iPhoneOS.platform/Developer/usr/lib/vlc/video_filter\"",
					"\"$(DEVELOPER_DIR)/Platforms/iPhoneOS.platform/Developer/usr/lib/vlc/video_output\"",
					"\"$(DEVELOPER_DIR)/Platforms/iPhoneOS.platform/Developer/usr/lib/vlc/visualization\"",
					"\"$(SRCROOT)/../vlc-0.9.2/extras/contrib/lib\"",
					"\"$(SRCROOT)/../vlc-0.9.2/extras/contrib/lib/python2.5/site-packages\"",
					"\"$(SRCROOT)/../vlc-0.9.2/extras/contrib/src/live/UsageEnvironment\"",
					"\"$(SRCROOT)/../vlc-0.9.2/extras/contrib/src/live/liveMedia\"",
					"\"$(SRCROOT)/../vlc-0.9.2/extras/contrib/src/live/groupsock\"",
					"\"$(SRCROOT)/../vlc-0.9.2/extras/contrib/src/live/BasicUsageEnvironment\"",
					"\"$(SYSTEM_APPS_DIR)/vlc4iphone.app/lib\"",
					"\"$(SYSTEM_APPS_DIR)/vlc4iphone.app/lib/python2.5/site-packages\"",
					"\"$(SRCROOT)/../vlc-0.9.2/sdl/build/.libs\"",
					"\"$(SYSTEM_APPS_DIR)/vlc4iphone.app/lib/vlc/control\"",
					"\"$(SRCROOT)/psx4all/src/iphone/install/usr/lib\"",
					"\"$(SRCROOT)\"",
				);
				OTHER_LDFLAGS = (
					"-sectcreate",
					__TEXT,
					__info_plist,
					Info.plist,
				);
				PREBINDING = YES;
				PRELINK_LIBS = "\"$(SRCROOT)/Classes/libs/src/libvlccore.a\" \"$(SRCROOT)/Classes/libs/src/libvlc.a\"";
				PRODUCT_NAME = vlc4iphone;
				SEPARATE_SYMBOL_EDIT = YES;
				STANDARD_C_PLUS_PLUS_LIBRARY_TYPE = dynamic;
				STRIP_INSTALLED_PRODUCT = YES;
				USER_HEADER_SEARCH_PATHS = "\"$(SRCROOT)/Classes/include\"/** \"$(SRCROOT)/../vlc-0.9.2/src\"/** \"$(SRCROOT)/../vlc-0.9.2/include\"/**";
			};
			name = Distribution;
		};
		C01FCF4F08A954540054247B /* Debug */ = {
			isa = XCBuildConfiguration;
			buildSettings = {
				ARCHS = "$(ARCHS_STANDARD_32_BIT)";
				CODE_SIGN_ENTITLEMENTS = soent.plist;
				"CODE_SIGN_IDENTITY[sdk=iphoneos*]" = "iPhone Developer";
				GCC_AUTO_VECTORIZATION = NO;
				GCC_C_LANGUAGE_STANDARD = c99;
				GCC_ENABLE_CPP_RTTI = NO;
				GCC_FEEDBACK_DIRECTED_OPTIMIZATION = Off;
				GCC_GENERATE_DEBUGGING_SYMBOLS = NO;
				GCC_LINK_WITH_DYNAMIC_LIBRARIES = YES;
				GCC_OPTIMIZATION_LEVEL = 3;
				GCC_STRICT_ALIASING = NO;
				GCC_THUMB_SUPPORT = NO;
				GCC_UNROLL_LOOPS = NO;
				GCC_WARN_ABOUT_RETURN_TYPE = YES;
				GCC_WARN_UNUSED_VARIABLE = YES;
				ONLY_ACTIVE_ARCH = YES;
				PREBINDING = NO;
				PRELINK_LIBS = libvlccore.a;
				"PROVISIONING_PROFILE[sdk=iphoneos*]" = "FB0D8170-1A54-4962-9A3D-C9282D9AC892";
				SDKROOT = iphoneos2.0;
			};
			name = Debug;
		};
		C01FCF5008A954540054247B /* Release */ = {
			isa = XCBuildConfiguration;
			buildSettings = {
				ARCHS = "$(ARCHS_STANDARD_32_BIT)";
				CODE_SIGN_ENTITLEMENTS = soent.plist;
				"CODE_SIGN_IDENTITY[sdk=iphoneos*]" = "iPhone Distribution";
				GCC_AUTO_VECTORIZATION = NO;
				GCC_C_LANGUAGE_STANDARD = c99;
				GCC_ENABLE_CPP_RTTI = NO;
				GCC_FEEDBACK_DIRECTED_OPTIMIZATION = Off;
				GCC_GENERATE_DEBUGGING_SYMBOLS = NO;
				GCC_LINK_WITH_DYNAMIC_LIBRARIES = YES;
				GCC_OPTIMIZATION_LEVEL = 3;
				GCC_STRICT_ALIASING = NO;
				GCC_THUMB_SUPPORT = NO;
				GCC_UNROLL_LOOPS = NO;
				GCC_WARN_ABOUT_RETURN_TYPE = YES;
				GCC_WARN_UNUSED_VARIABLE = YES;
				INFOPLIST_FILE = Info.plist;
				ONLY_ACTIVE_ARCH = YES;
				PREBINDING = NO;
				PRELINK_LIBS = "";
				PRODUCT_NAME = vlc4iphone;
				"PROVISIONING_PROFILE[sdk=iphoneos*]" = "";
				SDKROOT = iphoneos3.0;
				STANDARD_C_PLUS_PLUS_LIBRARY_TYPE = static;
			};
			name = Release;
		};
/* End XCBuildConfiguration section */

/* Begin XCConfigurationList section */
		1D6058960D05DD3E006BFB54 /* Build configuration list for PBXNativeTarget "ShoutOut" */ = {
			isa = XCConfigurationList;
			buildConfigurations = (
				1D6058940D05DD3E006BFB54 /* Debug */,
				1D6058950D05DD3E006BFB54 /* Release */,
				8C856C2B0E74C17400E465B3 /* Distribution */,
				8C27D28E0E74D49300B0C3EC /* AdHoc */,
			);
			defaultConfigurationIsVisible = 0;
			defaultConfigurationName = Release;
		};
		C01FCF4E08A954540054247B /* Build configuration list for PBXProject "app" */ = {
			isa = XCConfigurationList;
			buildConfigurations = (
				C01FCF4F08A954540054247B /* Debug */,
				C01FCF5008A954540054247B /* Release */,
				8C856C2A0E74C17400E465B3 /* Distribution */,
				8C27D28D0E74D49300B0C3EC /* AdHoc */,
			);
			defaultConfigurationIsVisible = 0;
			defaultConfigurationName = Release;
		};
/* End XCConfigurationList section */
	};
	rootObject = 29B97313FDCFA39411CA2CEA /* Project object */;
}
